
Microsoft Visual Studio Solution File, Format Version 11.00
# Visual Studio 2010
Project("{FAE04EC0-301F-11D3-BF4B-00C04F79EFBC}") = "MarieCurieTests", "MarieCurieTests\MarieCurieTests.csproj", "{0AC45F9E-2364-4FF0-B002-4E51EDFC6BF9}"
EndProject
Project("{2150E333-8FDC-42A3-9474-1A3956D46DE8}") = "Solution Items", "Solution Items", "{09075BBA-7EC1-46DA-AFFE-901FF581A347}"
	ProjectSection(SolutionItems) = preProject
		Local.testsettings = Local.testsettings
		MarieCurieTests.build = MarieCurieTests.build
		MarieCurieTests.vsmdi = MarieCurieTests.vsmdi
		Report.bat = Report.bat
		TraceAndTestImpact.testsettings = TraceAndTestImpact.testsettings
	EndProjectSection
EndProject
Global
	GlobalSection(TestCaseManagementSettings) = postSolution
		CategoryFile = MarieCurieTests.vsmdi
	EndGlobalSection
	GlobalSection(SolutionConfigurationPlatforms) = preSolution
		Debug|Any CPU = Debug|Any CPU
		Release|Any CPU = Release|Any CPU
	EndGlobalSection
	GlobalSection(ProjectConfigurationPlatforms) = postSolution
		{0AC45F9E-2364-4FF0-B002-4E51EDFC6BF9}.Debug|Any CPU.ActiveCfg = Debug|Any CPU
		{0AC45F9E-2364-4FF0-B002-4E51EDFC6BF9}.Debug|Any CPU.Build.0 = Debug|Any CPU
		{0AC45F9E-2364-4FF0-B002-4E51EDFC6BF9}.Release|Any CPU.ActiveCfg = Release|Any CPU
		{0AC45F9E-2364-4FF0-B002-4E51EDFC6BF9}.Release|Any CPU.Build.0 = Release|Any CPU
	EndGlobalSection
	GlobalSection(SolutionProperties) = preSolution
		HideSolutionNode = FALSE
	EndGlobalSection
EndGlobal
